
Microsoft Visual Studio Solution File, Format Version 12.00
# Visual Studio Version 17
VisualStudioVersion = 17.2.32505.173
MinimumVisualStudioVersion = 10.0.40219.1
Project("{FAE04EC0-301F-11D3-BF4B-00C04F79EFBC}") = "GC Lab EF MovieDB", "GC Lab EF MovieDB\GC Lab EF MovieDB.csproj", "{C606334A-9E7A-4FFE-A949-13288BA0E49A}"
EndProject
Global
	GlobalSection(SolutionConfigurationPlatforms) = preSolution
		Debug|Any CPU = Debug|Any CPU
		Release|Any CPU = Release|Any CPU
	EndGlobalSection
	GlobalSection(ProjectConfigurationPlatforms) = postSolution
		{C606334A-9E7A-4FFE-A949-13288BA0E49A}.Debug|Any CPU.ActiveCfg = Debug|Any CPU
		{C606334A-9E7A-4FFE-A949-13288BA0E49A}.Debug|Any CPU.Build.0 = Debug|Any CPU
		{C606334A-9E7A-4FFE-A949-13288BA0E49A}.Release|Any CPU.ActiveCfg = Release|Any CPU
		{C606334A-9E7A-4FFE-A949-13288BA0E49A}.Release|Any CPU.Build.0 = Release|Any CPU
	EndGlobalSection
	GlobalSection(SolutionProperties) = preSolution
		HideSolutionNode = FALSE
	EndGlobalSection
	GlobalSection(ExtensibilityGlobals) = postSolution
		SolutionGuid = {E9361B8F-EFCB-4DAB-83CC-A30ADA99FAED}
	EndGlobalSection
EndGlobal
